
Microsoft Visual Studio Solution File, Format Version 12.00
# Visual Studio Version 16
VisualStudioVersion = 16.0.30011.22
MinimumVisualStudioVersion = 10.0.40219.1
Project("{9A19103F-16F7-4668-BE54-9A1E7A4F7556}") = "ContactList", "ContactList\ContactList.csproj", "{5683348F-ADE5-4C75-BFDB-6EB6E51088C7}"
EndProject
Project("{9A19103F-16F7-4668-BE54-9A1E7A4F7556}") = "ContactList.Tests", "ContactList.Tests\ContactList.Tests.csproj", "{99DC5C5F-C12E-4849-AFD1-97A56EA1920B}"
EndProject
Project("{9A19103F-16F7-4668-BE54-9A1E7A4F7556}") = "ContactList.DatabaseMigration", "ContactList.DatabaseMigration\ContactList.DatabaseMigration.csproj", "{0911EEFB-9019-4B6F-B225-074392B34ADE}"
EndProject
Global
	GlobalSection(SolutionConfigurationPlatforms) = preSolution
		Debug|Any CPU = Debug|Any CPU
		Release|Any CPU = Release|Any CPU
	EndGlobalSection
	GlobalSection(ProjectConfigurationPlatforms) = postSolution
		{5683348F-ADE5-4C75-BFDB-6EB6E51088C7}.Debug|Any CPU.ActiveCfg = Debug|Any CPU
		{5683348F-ADE5-4C75-BFDB-6EB6E51088C7}.Debug|Any CPU.Build.0 = Debug|Any CPU
		{5683348F-ADE5-4C75-BFDB-6EB6E51088C7}.Release|Any CPU.ActiveCfg = Release|Any CPU
		{5683348F-ADE5-4C75-BFDB-6EB6E51088C7}.Release|Any CPU.Build.0 = Release|Any CPU
		{99DC5C5F-C12E-4849-AFD1-97A56EA1920B}.Debug|Any CPU.ActiveCfg = Debug|Any CPU
		{99DC5C5F-C12E-4849-AFD1-97A56EA1920B}.Debug|Any CPU.Build.0 = Debug|Any CPU
		{99DC5C5F-C12E-4849-AFD1-97A56EA1920B}.Release|Any CPU.ActiveCfg = Release|Any CPU
		{99DC5C5F-C12E-4849-AFD1-97A56EA1920B}.Release|Any CPU.Build.0 = Release|Any CPU
		{0911EEFB-9019-4B6F-B225-074392B34ADE}.Debug|Any CPU.ActiveCfg = Debug|Any CPU
		{0911EEFB-9019-4B6F-B225-074392B34ADE}.Debug|Any CPU.Build.0 = Debug|Any CPU
		{0911EEFB-9019-4B6F-B225-074392B34ADE}.Release|Any CPU.ActiveCfg = Release|Any CPU
		{0911EEFB-9019-4B6F-B225-074392B34ADE}.Release|Any CPU.Build.0 = Release|Any CPU
	EndGlobalSection
	GlobalSection(SolutionProperties) = preSolution
		HideSolutionNode = FALSE
	EndGlobalSection
	GlobalSection(ExtensibilityGlobals) = postSolution
		SolutionGuid = {6907A11B-46A4-4E2A-A9A0-BCDC26D70761}
	EndGlobalSection
EndGlobal
